
Microsoft Visual Studio Solution File, Format Version 12.00
# Visual Studio Version 16
VisualStudioVersion = 16.0.29521.150
MinimumVisualStudioVersion = 10.0.40219.1
Project("{FAE04EC0-301F-11D3-BF4B-00C04F79EFBC}") = "GenSharp.Metrics", "src\GenSharp.Metrics\GenSharp.Metrics.csproj", "{61B5705B-0EBE-4F85-A41D-8AFFC9DBFB79}"
EndProject
Project("{9A19103F-16F7-4668-BE54-9A1E7A4F7556}") = "GenSharp.Refactorings.Analyzers", "src\GenSharp.Refactorings.Analyzers\GenSharp.Refactorings.Analyzers\GenSharp.Refactorings.Analyzers.csproj", "{06F0F7E0-2A6D-46FC-9F0B-7671B6720AED}"
EndProject
Project("{9A19103F-16F7-4668-BE54-9A1E7A4F7556}") = "GenSharp.Refactorings.Analyzers.Test", "src\GenSharp.Refactorings.Analyzers\GenSharp.Refactorings.Analyzers.Test\GenSharp.Refactorings.Analyzers.Test.csproj", "{56470D34-66F2-4437-A1E5-D911F263ED11}"
EndProject
Project("{FAE04EC0-301F-11D3-BF4B-00C04F79EFBC}") = "GenSharp.Refactorings.Analyzers.Vsix", "src\GenSharp.Refactorings.Analyzers\GenSharp.Refactorings.Analyzers.Vsix\GenSharp.Refactorings.Analyzers.Vsix.csproj", "{A668123D-43BA-419B-B84C-CAB596685394}"
EndProject
Project("{9A19103F-16F7-4668-BE54-9A1E7A4F7556}") = "GenSharp.Genetics.Test", "src\Tests\GenSharp.Genetics.Test\GenSharp.Genetics.Test.csproj", "{3D12C84D-9357-4545-A6C0-BA6DD621BF99}"
EndProject
Project("{9A19103F-16F7-4668-BE54-9A1E7A4F7556}") = "GenSharp.Genetics", "src\GenSharp.Genetics\GenSharp.Genetics.csproj", "{900C98D9-F297-48DD-B7BD-40DAA72F7DDF}"
EndProject
Project("{FAE04EC0-301F-11D3-BF4B-00C04F79EFBC}") = "GenSharp.Console", "src\GenSharp.Console\GenSharp.Console.csproj", "{D275F633-2C2C-4B65-8FD8-D9424BF481A5}"
EndProject
Global
	GlobalSection(SolutionConfigurationPlatforms) = preSolution
		Debug|Any CPU = Debug|Any CPU
		Release|Any CPU = Release|Any CPU
	EndGlobalSection
	GlobalSection(ProjectConfigurationPlatforms) = postSolution
		{61B5705B-0EBE-4F85-A41D-8AFFC9DBFB79}.Debug|Any CPU.ActiveCfg = Debug|Any CPU
		{61B5705B-0EBE-4F85-A41D-8AFFC9DBFB79}.Debug|Any CPU.Build.0 = Debug|Any CPU
		{61B5705B-0EBE-4F85-A41D-8AFFC9DBFB79}.Release|Any CPU.ActiveCfg = Release|Any CPU
		{61B5705B-0EBE-4F85-A41D-8AFFC9DBFB79}.Release|Any CPU.Build.0 = Release|Any CPU
		{06F0F7E0-2A6D-46FC-9F0B-7671B6720AED}.Debug|Any CPU.ActiveCfg = Debug|Any CPU
		{06F0F7E0-2A6D-46FC-9F0B-7671B6720AED}.Debug|Any CPU.Build.0 = Debug|Any CPU
		{06F0F7E0-2A6D-46FC-9F0B-7671B6720AED}.Release|Any CPU.ActiveCfg = Release|Any CPU
		{06F0F7E0-2A6D-46FC-9F0B-7671B6720AED}.Release|Any CPU.Build.0 = Release|Any CPU
		{56470D34-66F2-4437-A1E5-D911F263ED11}.Debug|Any CPU.ActiveCfg = Debug|Any CPU
		{56470D34-66F2-4437-A1E5-D911F263ED11}.Debug|Any CPU.Build.0 = Debug|Any CPU
		{56470D34-66F2-4437-A1E5-D911F263ED11}.Release|Any CPU.ActiveCfg = Release|Any CPU
		{56470D34-66F2-4437-A1E5-D911F263ED11}.Release|Any CPU.Build.0 = Release|Any CPU
		{A668123D-43BA-419B-B84C-CAB596685394}.Debug|Any CPU.ActiveCfg = Debug|Any CPU
		{A668123D-43BA-419B-B84C-CAB596685394}.Debug|Any CPU.Build.0 = Debug|Any CPU
		{A668123D-43BA-419B-B84C-CAB596685394}.Release|Any CPU.ActiveCfg = Release|Any CPU
		{A668123D-43BA-419B-B84C-CAB596685394}.Release|Any CPU.Build.0 = Release|Any CPU
		{3D12C84D-9357-4545-A6C0-BA6DD621BF99}.Debug|Any CPU.ActiveCfg = Debug|Any CPU
		{3D12C84D-9357-4545-A6C0-BA6DD621BF99}.Debug|Any CPU.Build.0 = Debug|Any CPU
		{3D12C84D-9357-4545-A6C0-BA6DD621BF99}.Release|Any CPU.ActiveCfg = Release|Any CPU
		{3D12C84D-9357-4545-A6C0-BA6DD621BF99}.Release|Any CPU.Build.0 = Release|Any CPU
		{900C98D9-F297-48DD-B7BD-40DAA72F7DDF}.Debug|Any CPU.ActiveCfg = Debug|Any CPU
		{900C98D9-F297-48DD-B7BD-40DAA72F7DDF}.Debug|Any CPU.Build.0 = Debug|Any CPU
		{900C98D9-F297-48DD-B7BD-40DAA72F7DDF}.Release|Any CPU.ActiveCfg = Release|Any CPU
		{900C98D9-F297-48DD-B7BD-40DAA72F7DDF}.Release|Any CPU.Build.0 = Release|Any CPU
		{D275F633-2C2C-4B65-8FD8-D9424BF481A5}.Debug|Any CPU.ActiveCfg = Debug|Any CPU
		{D275F633-2C2C-4B65-8FD8-D9424BF481A5}.Debug|Any CPU.Build.0 = Debug|Any CPU
		{D275F633-2C2C-4B65-8FD8-D9424BF481A5}.Release|Any CPU.ActiveCfg = Release|Any CPU
		{D275F633-2C2C-4B65-8FD8-D9424BF481A5}.Release|Any CPU.Build.0 = Release|Any CPU
	EndGlobalSection
	GlobalSection(SolutionProperties) = preSolution
		HideSolutionNode = FALSE
	EndGlobalSection
	GlobalSection(ExtensibilityGlobals) = postSolution
		SolutionGuid = {7A9BE2D0-B3CF-4A9B-9509-C6BD3A1DE431}
	EndGlobalSection
EndGlobal
