
Microsoft Visual Studio Solution File, Format Version 12.00
# Visual Studio Version 16
VisualStudioVersion = 16.0.29521.150
MinimumVisualStudioVersion = 10.0.40219.1
Project("{FAE04EC0-301F-11D3-BF4B-00C04F79EFBC}") = "GenSharp", "GenSharp.csproj", "{8A24FAEA-DD59-44D2-AE1E-626CF9CD8E36}"
EndProject
Global
	GlobalSection(SolutionConfigurationPlatforms) = preSolution
		Debug|Any CPU = Debug|Any CPU
		Release|Any CPU = Release|Any CPU
	EndGlobalSection
	GlobalSection(ProjectConfigurationPlatforms) = postSolution
		{8A24FAEA-DD59-44D2-AE1E-626CF9CD8E36}.Debug|Any CPU.ActiveCfg = Debug|Any CPU
		{8A24FAEA-DD59-44D2-AE1E-626CF9CD8E36}.Debug|Any CPU.Build.0 = Debug|Any CPU
		{8A24FAEA-DD59-44D2-AE1E-626CF9CD8E36}.Release|Any CPU.ActiveCfg = Release|Any CPU
		{8A24FAEA-DD59-44D2-AE1E-626CF9CD8E36}.Release|Any CPU.Build.0 = Release|Any CPU
	EndGlobalSection
	GlobalSection(SolutionProperties) = preSolution
		HideSolutionNode = FALSE
	EndGlobalSection
	GlobalSection(ExtensibilityGlobals) = postSolution
		SolutionGuid = {7A9BE2D0-B3CF-4A9B-9509-C6BD3A1DE431}
	EndGlobalSection
EndGlobal
